{
  "name": "pg-ionic",
  "version": "1.0.0",
  "lockfileVersion": 1,
  "requires": true,
  "dependencies": {
    "cordova-plugin-ionic": {
      "version": "5.4.7",
      "resolved": "https://registry.npmjs.org/cordova-plugin-ionic/-/cordova-plugin-ionic-5.4.7.tgz",
      "integrity": "sha512-/3kn9Kl8QHfaB+4I0VnJXzfY14HfNJj6tiJeoQQukb8OtW7z3Fpfpe53NDPIxHq7TYqf2eUzByXobvy3Q1o2uQ==",
      "dev": true,
      "requires": {
        "typescript": "^3.5.3"
      }
    },
    "typescript": {
      "version": "3.9.9",
      "resolved": "https://registry.npmjs.org/typescript/-/typescript-3.9.9.tgz",
      "integrity": "sha512-kdMjTiekY+z/ubJCATUPlRDl39vXYiMV9iyeMuEuXZh2we6zz80uovNN2WlAxmmdE/Z/YQe+EbOEXB5RHEED3w==",
      "dev": true
    }
  }
}
